
Microsoft Visual Studio Solution File, Format Version 12.00
# Visual Studio Version 17
VisualStudioVersion = 17.0.31903.59
MinimumVisualStudioVersion = 10.0.40219.1
Project("{FAE04EC0-301F-11D3-BF4B-00C04F79EFBC}") = "Substrate", "Substrate\Substrate.csproj", "{A1111111-1111-1111-1111-111111111101}"
EndProject
Project("{FAE04EC0-301F-11D3-BF4B-00C04F79EFBC}") = "NBTModel", "NBTModel\NBTModel.csproj", "{A1111111-1111-1111-1111-111111111102}"
EndProject
Project("{FAE04EC0-301F-11D3-BF4B-00C04F79EFBC}") = "FastColoredTextBox", "FastColoredTextBox\FastColoredTextBox.csproj", "{A1111111-1111-1111-1111-111111111103}"
EndProject
Project("{FAE04EC0-301F-11D3-BF4B-00C04F79EFBC}") = "NAppUpdate.Framework", "NAppUpdate.Framework\NAppUpdate.Framework.csproj", "{A1111111-1111-1111-1111-111111111104}"
EndProject
Project("{FAE04EC0-301F-11D3-BF4B-00C04F79EFBC}") = "ClearScript", "ClearScript\ClearScript.csproj", "{A1111111-1111-1111-1111-111111111105}"
EndProject
Project("{FAE04EC0-301F-11D3-BF4B-00C04F79EFBC}") = "NBTExplorerWrapper", "NBTExplorerWrapper\NBTExplorerWrapper.csproj", "{A1111111-1111-1111-1111-111111111106}"
EndProject
Project("{FAE04EC0-301F-11D3-BF4B-00C04F79EFBC}") = "MCCToolChestPE", "MCCToolChestPE_exe\MCCToolChestPE.csproj", "{A1111111-1111-1111-1111-111111111107}"
EndProject
Global
	GlobalSection(SolutionConfigurationPlatforms) = preSolution
		Debug|Any CPU = Debug|Any CPU
		Release|Any CPU = Release|Any CPU
		Debug|ARM64 = Debug|ARM64
		Release|ARM64 = Release|ARM64
		Debug|ARM = Debug|ARM
		Release|ARM = Release|ARM
	EndGlobalSection
	GlobalSection(ProjectConfigurationPlatforms) = postSolution
		{A1111111-1111-1111-1111-111111111101}.Debug|Any CPU.ActiveCfg = Debug|Any CPU
		{A1111111-1111-1111-1111-111111111101}.Debug|Any CPU.Build.0 = Debug|Any CPU
		{A1111111-1111-1111-1111-111111111101}.Release|Any CPU.ActiveCfg = Release|Any CPU
		{A1111111-1111-1111-1111-111111111101}.Release|Any CPU.Build.0 = Release|Any CPU
		{A1111111-1111-1111-1111-111111111102}.Debug|Any CPU.ActiveCfg = Debug|Any CPU
		{A1111111-1111-1111-1111-111111111102}.Debug|Any CPU.Build.0 = Debug|Any CPU
		{A1111111-1111-1111-1111-111111111102}.Release|Any CPU.ActiveCfg = Release|Any CPU
		{A1111111-1111-1111-1111-111111111102}.Release|Any CPU.Build.0 = Release|Any CPU
		{A1111111-1111-1111-1111-111111111103}.Debug|Any CPU.ActiveCfg = Debug|Any CPU
		{A1111111-1111-1111-1111-111111111103}.Debug|Any CPU.Build.0 = Debug|Any CPU
		{A1111111-1111-1111-1111-111111111103}.Release|Any CPU.ActiveCfg = Release|Any CPU
		{A1111111-1111-1111-1111-111111111103}.Release|Any CPU.Build.0 = Release|Any CPU
		{A1111111-1111-1111-1111-111111111104}.Debug|Any CPU.ActiveCfg = Debug|Any CPU
		{A1111111-1111-1111-1111-111111111104}.Debug|Any CPU.Build.0 = Debug|Any CPU
		{A1111111-1111-1111-1111-111111111104}.Release|Any CPU.ActiveCfg = Release|Any CPU
		{A1111111-1111-1111-1111-111111111104}.Release|Any CPU.Build.0 = Release|Any CPU
		{A1111111-1111-1111-1111-111111111105}.Debug|Any CPU.ActiveCfg = Debug|Any CPU
		{A1111111-1111-1111-1111-111111111105}.Debug|Any CPU.Build.0 = Debug|Any CPU
		{A1111111-1111-1111-1111-111111111105}.Release|Any CPU.ActiveCfg = Release|Any CPU
		{A1111111-1111-1111-1111-111111111105}.Release|Any CPU.Build.0 = Release|Any CPU
		{A1111111-1111-1111-1111-111111111106}.Debug|Any CPU.ActiveCfg = Debug|Any CPU
		{A1111111-1111-1111-1111-111111111106}.Debug|Any CPU.Build.0 = Debug|Any CPU
		{A1111111-1111-1111-1111-111111111106}.Release|Any CPU.ActiveCfg = Release|Any CPU
		{A1111111-1111-1111-1111-111111111106}.Release|Any CPU.Build.0 = Release|Any CPU
		{A1111111-1111-1111-1111-111111111107}.Debug|Any CPU.ActiveCfg = Debug|Any CPU
		{A1111111-1111-1111-1111-111111111107}.Debug|Any CPU.Build.0 = Debug|Any CPU
		{A1111111-1111-1111-1111-111111111107}.Release|Any CPU.ActiveCfg = Release|Any CPU
		{A1111111-1111-1111-1111-111111111107}.Release|Any CPU.Build.0 = Release|Any CPU
		{A1111111-1111-1111-1111-111111111101}.Debug|ARM64.ActiveCfg = Debug|Any CPU
		{A1111111-1111-1111-1111-111111111101}.Debug|ARM64.Build.0 = Debug|Any CPU
		{A1111111-1111-1111-1111-111111111101}.Release|ARM64.ActiveCfg = Release|Any CPU
		{A1111111-1111-1111-1111-111111111101}.Release|ARM64.Build.0 = Release|Any CPU
		{A1111111-1111-1111-1111-111111111102}.Debug|ARM64.ActiveCfg = Debug|Any CPU
		{A1111111-1111-1111-1111-111111111102}.Debug|ARM64.Build.0 = Debug|Any CPU
		{A1111111-1111-1111-1111-111111111102}.Release|ARM64.ActiveCfg = Release|Any CPU
		{A1111111-1111-1111-1111-111111111102}.Release|ARM64.Build.0 = Release|Any CPU
		{A1111111-1111-1111-1111-111111111103}.Debug|ARM64.ActiveCfg = Debug|Any CPU
		{A1111111-1111-1111-1111-111111111103}.Debug|ARM64.Build.0 = Debug|Any CPU
		{A1111111-1111-1111-1111-111111111103}.Release|ARM64.ActiveCfg = Release|Any CPU
		{A1111111-1111-1111-1111-111111111103}.Release|ARM64.Build.0 = Release|Any CPU
		{A1111111-1111-1111-1111-111111111104}.Debug|ARM64.ActiveCfg = Debug|Any CPU
		{A1111111-1111-1111-1111-111111111104}.Debug|ARM64.Build.0 = Debug|Any CPU
		{A1111111-1111-1111-1111-111111111104}.Release|ARM64.ActiveCfg = Release|Any CPU
		{A1111111-1111-1111-1111-111111111104}.Release|ARM64.Build.0 = Release|Any CPU
		{A1111111-1111-1111-1111-111111111105}.Debug|ARM64.ActiveCfg = Debug|Any CPU
		{A1111111-1111-1111-1111-111111111105}.Debug|ARM64.Build.0 = Debug|Any CPU
		{A1111111-1111-1111-1111-111111111105}.Release|ARM64.ActiveCfg = Release|Any CPU
		{A1111111-1111-1111-1111-111111111105}.Release|ARM64.Build.0 = Release|Any CPU
		{A1111111-1111-1111-1111-111111111106}.Debug|ARM64.ActiveCfg = Debug|Any CPU
		{A1111111-1111-1111-1111-111111111106}.Debug|ARM64.Build.0 = Debug|Any CPU
		{A1111111-1111-1111-1111-111111111106}.Release|ARM64.ActiveCfg = Release|Any CPU
		{A1111111-1111-1111-1111-111111111106}.Release|ARM64.Build.0 = Release|Any CPU
		{A1111111-1111-1111-1111-111111111107}.Debug|ARM64.ActiveCfg = Debug|ARM64
		{A1111111-1111-1111-1111-111111111107}.Debug|ARM64.Build.0 = Debug|ARM64
		{A1111111-1111-1111-1111-111111111107}.Release|ARM64.ActiveCfg = Release|ARM64
		{A1111111-1111-1111-1111-111111111107}.Release|ARM64.Build.0 = Release|ARM64
		{A1111111-1111-1111-1111-111111111101}.Debug|ARM.ActiveCfg = Debug|ARM
		{A1111111-1111-1111-1111-111111111101}.Debug|ARM.Build.0 = Debug|ARM
		{A1111111-1111-1111-1111-111111111101}.Release|ARM.ActiveCfg = Release|ARM
		{A1111111-1111-1111-1111-111111111101}.Release|ARM.Build.0 = Release|ARM
		{A1111111-1111-1111-1111-111111111102}.Debug|ARM.ActiveCfg = Debug|ARM
		{A1111111-1111-1111-1111-111111111102}.Debug|ARM.Build.0 = Debug|ARM
		{A1111111-1111-1111-1111-111111111102}.Release|ARM.ActiveCfg = Release|ARM
		{A1111111-1111-1111-1111-111111111102}.Release|ARM.Build.0 = Release|ARM
		{A1111111-1111-1111-1111-111111111103}.Debug|ARM.ActiveCfg = Debug|ARM
		{A1111111-1111-1111-1111-111111111103}.Debug|ARM.Build.0 = Debug|ARM
		{A1111111-1111-1111-1111-111111111103}.Release|ARM.ActiveCfg = Release|ARM
		{A1111111-1111-1111-1111-111111111103}.Release|ARM.Build.0 = Release|ARM
		{A1111111-1111-1111-1111-111111111104}.Debug|ARM.ActiveCfg = Debug|ARM
		{A1111111-1111-1111-1111-111111111104}.Debug|ARM.Build.0 = Debug|ARM
		{A1111111-1111-1111-1111-111111111104}.Release|ARM.ActiveCfg = Release|ARM
		{A1111111-1111-1111-1111-111111111104}.Release|ARM.Build.0 = Release|ARM
		{A1111111-1111-1111-1111-111111111105}.Debug|ARM.ActiveCfg = Debug|ARM
		{A1111111-1111-1111-1111-111111111105}.Debug|ARM.Build.0 = Debug|ARM
		{A1111111-1111-1111-1111-111111111105}.Release|ARM.ActiveCfg = Release|ARM
		{A1111111-1111-1111-1111-111111111105}.Release|ARM.Build.0 = Release|ARM
		{A1111111-1111-1111-1111-111111111106}.Debug|ARM.ActiveCfg = Debug|ARM
		{A1111111-1111-1111-1111-111111111106}.Debug|ARM.Build.0 = Debug|ARM
		{A1111111-1111-1111-1111-111111111106}.Release|ARM.ActiveCfg = Release|ARM
		{A1111111-1111-1111-1111-111111111106}.Release|ARM.Build.0 = Release|ARM
		{A1111111-1111-1111-1111-111111111107}.Debug|ARM.ActiveCfg = Debug|ARM
		{A1111111-1111-1111-1111-111111111107}.Debug|ARM.Build.0 = Debug|ARM
		{A1111111-1111-1111-1111-111111111107}.Release|ARM.ActiveCfg = Release|ARM
		{A1111111-1111-1111-1111-111111111107}.Release|ARM.Build.0 = Release|ARM
	EndGlobalSection
EndGlobal
