<?xml version="1.0" encoding="utf-8"?>
<Project ToolsVersion="17.0" xmlns="http://schemas.microsoft.com/developer/msbuild/2003">
  <ItemGroup>
    <CustomBuild Include="C:\Users\Max\Desktop\M\Projects\ReMCCTPE\MCCToolChestPE\Src\leveldb-mojang-main\build-arm32\CMakeFiles\12c4aa2fc937e5e5eb97540fcd97d5e0\INSTALL_force.rule">
      <Filter>CMake Rules</Filter>
    </CustomBuild>
  </ItemGroup>
  <ItemGroup>
    <Filter Include="CMake Rules">
      <UniqueIdentifier>{B26539FC-2DE3-375B-B1BD-67A5B37CC7CA}</UniqueIdentifier>
    </Filter>
  </ItemGroup>
</Project>
